hash: e8d3bb88f540946c9678c651d6dde20d7beb1da79ceea21f990bb26266795ff9
updated: 2016-09-08T10:33:28.398412305-07:00
imports:
- name: github.com/asaskevich/govalidator
  version: 593d64559f7600f29581a3ee42177f5dbded27a9
- name: github.com/codedellemc/gorackhd
  version: 92f5e99ea8af0d4afbd96ba3573bd0405be28975
  subpackages:
  - client
  - client/catalog
  - client/catalogs
  - client/config
  - client/delete
  - client/dhcp
  - client/files
  - client/get
  - client/identify
  - client/lookups
  - client/nodes
  - client/obm
  - client/obms
  - client/patch
  - client/pollers
  - client/post
  - client/profiles
  - client/put
  - client/skus
  - client/tags
  - client/task
  - client/templates
  - client/versions
  - client/whitelist
  - client/workflow
  - models
- name: github.com/fsnotify/fsnotify
  version: f12c6236fe7b5cf6bcf30e5935d08cb079d78334
- name: github.com/go-openapi/analysis
  version: b44dc874b601d9e4e2f6e19140e794ba24bead3b
- name: github.com/go-openapi/errors
  version: 4178436c9f2430cdd945c50301cfb61563b56573
- name: github.com/go-openapi/jsonpointer
  version: 46af16f9f7b149af66e5d1bd010e3574dc06de98
- name: github.com/go-openapi/jsonreference
  version: 13c6e3589ad90f49bd3e3bbe2c2cb3d7a4142272
- name: github.com/go-openapi/loads
  version: 18441dfa706d924a39a030ee2c3b1d8d81917b38
- name: github.com/go-openapi/runtime
  version: 18efe8c11921c0ddabc8e91554971d6db1f91c7c
  subpackages:
  - client
- name: github.com/go-openapi/spec
  version: 6aced65f8501fe1217321abf0749d354824ba2ff
- name: github.com/go-openapi/strfmt
  version: d65c7fdb29eca313476e529628176fe17e58c488
- name: github.com/go-openapi/swag
  version: 0e04f5e499b19bf51031c01a00f098f25067d8dc
- name: github.com/go-openapi/validate
  version: 14872542e3bd537d6d6b9976e066ff658d41975f
- name: github.com/hashicorp/hcl
  version: 99df0eb941dd8ddbc83d3f3605a34f6a686ac85e
  subpackages:
  - hcl/ast
  - hcl/parser
  - hcl/scanner
  - hcl/strconv
  - hcl/token
  - json/parser
  - json/scanner
  - json/token
- name: github.com/inconshreveable/mousetrap
  version: 76626ae9c91c4f2a10f34cad8ce83ea42c93bb75
- name: github.com/kr/fs
  version: 2788f0dbd16903de03cb8186e5c7d97b69ad387b
- name: github.com/magiconair/properties
  version: 0723e352fa358f9322c938cc2dadda874e9151a9
- name: github.com/mailru/easyjson
  version: 34560e358dc05e2c28f6fda2f5c9e7494a4b9b19
  subpackages:
  - buffer
  - jlexer
  - jwriter
- name: github.com/mattn/go-runewidth
  version: d6bea18f789704b5f83375793155289da36a3c7f
- name: github.com/mitchellh/mapstructure
  version: ca63d7c062ee3c9f34db231e352b60012b4fd0c1
- name: github.com/olekukonko/tablewriter
  version: daf2955e742cf123959884fdff4685aa79b63135
- name: github.com/pelletier/go-buffruneio
  version: df1e16fde7fc330a0ca68167c23bf7ed6ac31d6d
- name: github.com/pelletier/go-toml
  version: 31055c2ff0bb0c7f9095aec0d220aed21108121e
- name: github.com/pkg/errors
  version: 17b591df37844cde689f4d5813e5cea0927d8dd2
- name: github.com/pkg/sftp
  version: 8197a2e580736b78d704be0fc47b2324c0591a32
- name: github.com/PuerkitoBio/purell
  version: 8a290539e2e8629dbc4e6bad948158f790ec31f4
- name: github.com/PuerkitoBio/urlesc
  version: 5bd2802263f21d8788851d5305584c82a5c75d7e
- name: github.com/Sirupsen/logrus
  version: 3ec0642a7fb6488f65b06f9040adc67e3990296a
- name: github.com/spf13/afero
  version: 20500e2abd0d1f4564a499e83d11d6c73cd58c27
  subpackages:
  - mem
  - sftp
- name: github.com/spf13/cast
  version: e31f36ffc91a2ba9ddb72a4b6a607ff9b3d3cb63
- name: github.com/spf13/cobra
  version: 9c28e4bbd74e5c3ed7aacbc552b2cab7cfdfe744
- name: github.com/spf13/jwalterweatherman
  version: 33c24e77fb80341fe7130ee7c594256ff08ccc46
- name: github.com/spf13/pflag
  version: 6fd2ff4ff8dfcdf5556fbdc0ac0284408274b1a7
- name: github.com/spf13/viper
  version: 16990631d4aa7e38f73dbbbf37fa13e67c648531
- name: golang.org/x/crypto
  version: 9e590154d2353f3f5e1b24da7275686040dcf491
  subpackages:
  - curve25519
  - ed25519
  - ed25519/internal/edwards25519
  - ssh
- name: golang.org/x/net
  version: 9313baa13d9262e49d07b20ed57dceafcd7240cc
  subpackages:
  - context
  - context/ctxhttp
  - idna
- name: golang.org/x/sys
  version: 30de6d19a3bd89a5f38ae4028e23aaa5582648af
  subpackages:
  - unix
- name: golang.org/x/text
  version: 1e65e9bf72c307081cea196f47ef37aed17eb316
  subpackages:
  - cases
  - internal/tag
  - language
  - runes
  - secure/bidirule
  - secure/precis
  - transform
  - unicode/bidi
  - unicode/norm
  - width
- name: gopkg.in/yaml.v2
  version: e4d366fc3c7938e2958e662b4258c7a89e1f0e3e
testImports: []
